{
    "_meta": {
        "hash": {
            "sha256": "a28607f3fcf14b1d99c7c07e7e1e28aeeec290b29501d66ade53dd6666f54868"
        },
        "pipfile-spec": 6,
        "requires": {
            "python_version": "3.8"
        },
        "sources": [
            {
                "name": "pypi",
                "url": "https://pypi.org/simple",
                "verify_ssl": true
            }
        ]
    },
    "default": {
        "django": {
            "hashes": [
                "sha256:97886b8a13bbc33bfeba2ff133035d3eca014e2309dff2b6da0bdfc0b8656613",
                "sha256:e900b73beee8977c7b887d90c6c57d68af10066b9dac898e1eaf0f82313de334"
            ],
            "index": "pypi",
            "version": "==2.0.7"
        },
        "pytz": {
            "hashes": [
                "sha256:a494d53b6d39c3c6e44c3bec237336e14305e4f29bbf800b599253057fbb79ed",
                "sha256:c35965d010ce31b23eeb663ed3cc8c906275d6be1a34393a1d73a41febf4a048"
            ],
            "version": "==2020.1"
        }
    },
    "develop": {}
}
